
Microsoft Visual Studio Solution File, Format Version 11.00
# Visual Studio 2010
Project("{FAE04EC0-301F-11D3-BF4B-00C04F79EFBC}") = "Anno 2070 World Editor", "Anno 2070 World Editor\Anno 2070 World Editor.csproj", "{855194F2-8DCC-45F1-BDE2-D79DD21A9E44}"
EndProject
Global
	GlobalSection(SolutionConfigurationPlatforms) = preSolution
		Debug|x64 = Debug|x64
		Debug|x86 = Debug|x86
		Release|x64 = Release|x64
		Release|x86 = Release|x86
	EndGlobalSection
	GlobalSection(ProjectConfigurationPlatforms) = postSolution
		{855194F2-8DCC-45F1-BDE2-D79DD21A9E44}.Debug|x64.ActiveCfg = Debug|x64
		{855194F2-8DCC-45F1-BDE2-D79DD21A9E44}.Debug|x64.Build.0 = Debug|x64
		{855194F2-8DCC-45F1-BDE2-D79DD21A9E44}.Debug|x86.ActiveCfg = Debug|x86
		{855194F2-8DCC-45F1-BDE2-D79DD21A9E44}.Debug|x86.Build.0 = Debug|x86
		{855194F2-8DCC-45F1-BDE2-D79DD21A9E44}.Release|x64.ActiveCfg = Release|x64
		{855194F2-8DCC-45F1-BDE2-D79DD21A9E44}.Release|x64.Build.0 = Release|x64
		{855194F2-8DCC-45F1-BDE2-D79DD21A9E44}.Release|x86.ActiveCfg = Release|x86
		{855194F2-8DCC-45F1-BDE2-D79DD21A9E44}.Release|x86.Build.0 = Release|x86
	EndGlobalSection
	GlobalSection(SolutionProperties) = preSolution
		HideSolutionNode = FALSE
	EndGlobalSection
EndGlobal
